#MicroXplorer Configuration settings - do not modify
PF7.GPIOParameters=PinState,GPIO_Label
SH.FSMC_D1_DA1.0=FSMC_D1,16b-d1
SPI1.VirtualType=VM_MASTER
FATFS0.BSP.api=Unknown
VP_ADC1_TempSens_Input.Mode=IN-TempSens
VP_FATFS_VS_SDIO.Mode=SDIO
TIM1.IPParameters=Channel-PWM Generation1 CH1,OCFastMode_PWM-PWM Generation1 CH1,Pulse-PWM Generation1 CH1,Period
SH.GPXTI9.0=GPIO_EXTI9
RCC.PLLCLKFreq_Value=72000000
PC12.Signal=SDIO_CK
SH.FSMC_NWE.0=FSMC_NWE,Lcd1
PG0.Signal=FSMC_A10
PD3.GPIOParameters=GPIO_Label
RCC.RTCFreq_Value=32768
SH.S_TIM1_CH1.ConfNb=1
USART1.IPParameters=VirtualMode
FATFS._FS_TINY=0
PinOutPanel.RotationAngle=0
PF6.GPIO_Label=VS_XDCS
PE6.GPIO_Label=VS_RST
RCC.SYSCLKSource=RCC_SYSCLKSOURCE_PLLCLK
NVIC.SVCall_IRQn=true\:0\:0\:false\:false\:true\:false\:false
RCC.SDIOHCLKDiv2FreqValue=36000000
SH.GPXTI3.ConfNb=1
Dma.SDIO.0.RequestParameters=Instance,Direction,PeriphInc,MemInc,PeriphDataAlignment,MemDataAlignment,Mode,Priority
PF7.Signal=GPIO_Output
VP_FATFS_VS_SDIO.Signal=FATFS_VS_SDIO
SPI1.Direction=SPI_DIRECTION_2LINES
TIM2.IPParameters=Prescaler,Period
PD4.Signal=FSMC_NOE
RCC.APB2TimFreq_Value=72000000
SDIO.IPParameters=ClockBypass,ClockDiv,HardwareFlowControl
PB6.Signal=I2C1_SCL
PB6.Mode=I2C
SPI1.CalculateBaudRate=1.125 MBits/s
PD0.Signal=FSMC_D2_DA2
PD8.Signal=FSMC_D13_DA13
VP_TIM2_VS_ClockSourceINT.Signal=TIM2_VS_ClockSourceINT
PE5.Signal=GPIO_Output
PF10.GPIO_Label=PEN
FATFS0.BSP.ip=GPIO
SH.FSMC_D4_DA4.ConfNb=1
NVIC.EXTI15_10_IRQn=true\:0\:0\:false\:false\:true\:true\:true
ProjectManager.ProjectBuild=false
NVIC.UsageFault_IRQn=true\:0\:0\:false\:false\:true\:false\:false
PB2.Signal=GPIO_Input
PB3.Mode=JTAG_5_pins
PA8.Locked=true
FATFS0.BSP.i2caddr=0
ADC3.SamplingTime-2\#ChannelRegularConversion=ADC_SAMPLETIME_1CYCLE_5
RCC.RTCClockSelection=RCC_RTCCLKSOURCE_LSE
ProjectManager.FirmwarePackage=STM32Cube FW_F1 V1.8.3
MxDb.Version=DB.6.0.20
PB0.GPIOParameters=GPIO_Label
SH.FSMC_NOE.ConfNb=1
ProjectManager.BackupPrevious=false
SH.FSMC_D10_DA10.0=FSMC_D10,16b-d1
TIM1.Channel-PWM\ Generation1\ CH1=TIM_CHANNEL_1
PE9.Signal=FSMC_D6_DA6
PB1.GPIO_Label=T_SCL
ADC3.ContinuousConvMode=ENABLE
NVIC.TIM2_IRQn=true\:0\:0\:false\:false\:true\:true\:true
PE4.GPIO_Label=KEY0
PF10.Locked=true
PC9.Mode=SD_4_bits_Wide_bus
ADC3.IPParameters=Rank-2\#ChannelRegularConversion,Channel-2\#ChannelRegularConversion,SamplingTime-2\#ChannelRegularConversion,NbrOfConversionFlag,ContinuousConvMode
PE2.Signal=GPXTI2
PA8.Signal=S_TIM1_CH1
FSMC.BusTurnAroundDuration1=0
NVIC.PendSV_IRQn=true\:0\:0\:false\:false\:true\:false\:false
ADC3.Channel-2\#ChannelRegularConversion=ADC_CHANNEL_6
PE10.Signal=FSMC_D7_DA7
SH.FSMC_D5_DA5.0=FSMC_D5,16b-d1
ProjectManager.HalAssertFull=false
VP_TIM1_VS_ClockSourceINT.Mode=Internal
ADC1.SamplingTime-0\#ChannelRegularConversion=ADC_SAMPLETIME_1CYCLE_5
RCC.PLLMCOFreq_Value=36000000
Mcu.Package=LQFP144
PB9.Signal=GPXTI9
TIM2.Prescaler=72
PB1.Signal=GPIO_Output
PF8.GPIOParameters=GPIO_Label
SH.FSMC_D15_DA15.ConfNb=1
RCC.I2S2Freq_Value=72000000
FSMC.IPParameters=AddressSetupTime1,DataSetupTime1,BusTurnAroundDuration1
FATFS0.BSP.solution=PA0-WKUP
SH.FSMC_D14_DA14.ConfNb=1
VP_SYS_VS_Systick.Signal=SYS_VS_Systick
PA10.Signal=USART1_RX
PF7.Locked=true
PC11.Mode=SD_4_bits_Wide_bus
NVIC.EXTI2_IRQn=true\:3\:0\:true\:false\:true\:true\:true
SH.FSMC_D3_DA3.0=FSMC_D3,16b-d1
RCC.APB1TimFreq_Value=72000000
NVIC.BusFault_IRQn=true\:0\:0\:false\:false\:true\:false\:false
Dma.SDIO.0.Direction=DMA_PERIPH_TO_MEMORY
TIM1.Period=1000
PB10.GPIOParameters=GPIO_Label
PE6.Locked=true
NVIC.USART1_IRQn=true\:0\:0\:false\:false\:true\:true\:true
SH.FSMC_D7_DA7.ConfNb=1
PD15.Signal=FSMC_D1_DA1
ProjectManager.CustomerFirmwarePackage=
PA5.Mode=Full_Duplex_Master
PG12.Signal=FSMC_NE4
PF7.PinState=GPIO_PIN_SET
SH.GPXTI10.0=GPIO_EXTI10
SH.SharedAnalog_PF8.ConfNb=2
FATFS0.BSP.STBoard=false
NVIC.EXTI4_IRQn=true\:3\:0\:true\:false\:true\:true\:true
ProjectManager.ProjectFileName=micro_mx.ioc
ADC1.Rank-0\#ChannelRegularConversion=1
Mcu.PinsNb=71
ADC1.IPParameters=Rank-0\#ChannelRegularConversion,Channel-0\#ChannelRegularConversion,SamplingTime-0\#ChannelRegularConversion,NbrOfConversionFlag,ContinuousConvMode,master
FATFS0.BSP.mode=Input
PD3.Signal=GPIO_Output
Mcu.Pin70=VP_TIM3_VS_ClockSourceINT
PB11.GPIO_Label=JOYPAD_LAT
RCC.USBPrescaler=RCC_USBCLKSOURCE_PLL_DIV1_5
SH.FSMC_D8_DA8.ConfNb=1
PD1.Signal=FSMC_D3_DA3
SH.FSMC_D9_DA9.0=FSMC_D9,16b-d1
Mcu.Pin68=VP_TIM1_VS_ClockSourceINT
Mcu.Pin69=VP_TIM2_VS_ClockSourceINT
Dma.SDIO.0.MemDataAlignment=DMA_MDATAALIGN_WORD
RCC.APB1CLKDivider=RCC_HCLK_DIV2
PC14-OSC32_IN.Signal=RCC_OSC32_IN
Mcu.Pin62=PB7
Mcu.Pin63=PB8
Mcu.Pin60=PB5
Mcu.Pin61=PB6
Mcu.Pin66=VP_FATFS_VS_SDIO
Mcu.Pin67=VP_SYS_VS_Systick
RCC.I2S3Freq_Value=72000000
Mcu.Pin64=PB9
Mcu.Pin65=VP_ADC1_TempSens_Input
PA0-WKUP.Signal=GPIO_Input
SH.FSMC_D8_DA8.0=FSMC_D8,16b-d1
PF8.GPIO_Label=LIGHT_SENSOR
PD10.Signal=FSMC_D15_DA15
PB8.GPIO_Label=BEEP
Mcu.Pin59=PB4
SH.GPXTI2.ConfNb=1
Mcu.Pin57=PG12
Mcu.Pin58=PB3
FSMC.DataSetupTime1=26
SH.FSMC_D5_DA5.ConfNb=1
Mcu.Pin51=PD0
Mcu.Pin52=PD1
SH.FSMC_A10.ConfNb=1
I2C1.I2C_Mode=I2C_Standard
Mcu.Pin50=PC12
Mcu.Pin55=PD4
Mcu.Pin56=PD5
Mcu.Pin53=PD2
Mcu.Pin54=PD3
PA9.Signal=USART1_TX
VP_TIM1_VS_ClockSourceINT.Signal=TIM1_VS_ClockSourceINT
PB11.GPIOParameters=GPIO_Label
PB5.Locked=true
PB9.Locked=true
Dma.SDIO.0.MemInc=DMA_MINC_ENABLE
PC13-TAMPER-RTC.Locked=true
OSC_IN.Signal=RCC_OSC_IN
Dma.SDIO.0.PeriphDataAlignment=DMA_PDATAALIGN_WORD
SDIO.ClockDiv=3
Mcu.Pin48=PC10
Mcu.Pin49=PC11
Mcu.Pin46=PA14
Mcu.Pin47=PA15
PB10.Signal=GPIO_Input
FATFS.BSP.number=1
PE2.GPIO_PuPd=GPIO_PULLUP
PA5.Signal=SPI1_SCK
Mcu.Pin40=PC8
Mcu.Pin41=PC9
Mcu.Pin44=PA10
PC12.Mode=SD_4_bits_Wide_bus
SH.FSMC_D7_DA7.0=FSMC_D7,16b-d1
Mcu.Pin45=PA13
Mcu.Pin42=PA8
Mcu.Pin43=PA9
ProjectManager.LastFirmware=false
PC13-TAMPER-RTC.GPIO_Label=VS_DERQ
NVIC.TIM3_IRQn=true\:0\:0\:false\:false\:true\:true\:true
SH.FSMC_D3_DA3.ConfNb=1
PE14.Signal=FSMC_D11_DA11
PE15.Signal=FSMC_D12_DA12
Mcu.Pin37=PD10
Mcu.Pin38=PD14
Mcu.Pin35=PD8
PE8.Signal=FSMC_D5_DA5
Mcu.Pin36=PD9
SPI1.Mode=SPI_MODE_MASTER
Mcu.Pin39=PD15
FATFS0.BSP.i2creg=
VP_ADC1_TempSens_Input.Signal=ADC1_TempSens_Input
Mcu.Pin30=PE13
PF11.Locked=true
Mcu.Pin33=PB10
TIM3.IPParameters=Prescaler,Period
PE3.GPIO_PuPd=GPIO_PULLUP
Mcu.Pin34=PB11
Mcu.Pin31=PE14
Mcu.Pin32=PE15
NVIC.NonMaskableInt_IRQn=true\:0\:0\:false\:false\:true\:false\:false
TIM2.Period=125
PA13.Mode=JTAG_5_pins
ProjectManager.FreePins=false
PF9.GPIOParameters=GPIO_Label
Mcu.Pin26=PE9
Mcu.Pin27=PE10
Mcu.Pin24=PE7
ProjectManager.UnderRoot=true
PE4.GPIO_PuPd=GPIO_PULLUP
Mcu.Pin25=PE8
Mcu.Pin28=PE11
PC8.Mode=SD_4_bits_Wide_bus
Mcu.Pin29=PE12
RCC.FSMCFreq_Value=72000000
Mcu.Pin22=PF11
PB5.Signal=GPIO_Output
Mcu.Pin23=PG0
RCC.TimSysFreq_Value=72000000
Mcu.Pin20=PB1
ADC1.master=1
Mcu.Pin21=PB2
NVIC.ForceEnableDMAVector=true
OSC_IN.Mode=HSE-External-Oscillator
Dma.SDIO.0.PeriphInc=DMA_PINC_DISABLE
NVIC.MemoryManagement_IRQn=true\:0\:0\:false\:false\:true\:false\:false
USART1.VirtualMode=VM_ASYNC
ProjectManager.CompilerOptimize=6
SH.FSMC_D15_DA15.0=FSMC_D15,16b-d1
ProjectManager.HeapSize=0x400
Mcu.Pin15=PA0-WKUP
NVIC.HardFault_IRQn=true\:0\:0\:false\:false\:true\:false\:false
Mcu.Pin16=PA5
Mcu.Pin13=OSC_IN
PF8.Locked=true
Mcu.Pin14=OSC_OUT
Mcu.Pin19=PB0
PF10.GPIOParameters=GPIO_Label,GPIO_ModeDefaultEXTI
ProjectManager.ComputerToolchain=false
Mcu.Pin17=PA6
PF9.Signal=GPIO_Output
Mcu.Pin18=PA7
SH.FSMC_D1_DA1.ConfNb=1
NVIC.PriorityGroup=NVIC_PRIORITYGROUP_4
Mcu.Pin11=PF9
Mcu.Pin12=PF10
SDIO.HardwareFlowControl=SDIO_HARDWARE_FLOW_CONTROL_DISABLE
Mcu.Pin10=PF8
SH.GPXTI10.ConfNb=1
PE3.Signal=GPXTI3
PE2.Locked=true
PA0-WKUP.GPIO_PuPd=GPIO_PULLUP
PE2.GPIO_ModeDefaultEXTI=GPIO_MODE_IT_FALLING
PD2.Signal=SDIO_CMD
PB0.Signal=GPIO_Output
FATFS0.BSP.name=Detect_SDIO
SH.FSMC_D10_DA10.ConfNb=1
Mcu.Family=STM32F1
ProjectManager.MainLocation=Core/Src
FSMC.AddressSetupTime1=6
RCC.MCOFreq_Value=72000000
PA6.Mode=Full_Duplex_Master
ProjectManager.KeepUserCode=true
Mcu.UserName=STM32F103ZETx
FATFS0.BSP.semaphore=
ADC1.ContinuousConvMode=ENABLE
PC10.Signal=SDIO_D2
PC13-TAMPER-RTC.GPIOParameters=GPIO_Label
ProjectManager.functionlistsort=1-MX_GPIO_Init-GPIO-false-HAL-true,2-MX_DMA_Init-DMA-false-HAL-true,3-SystemClock_Config-RCC-false-HAL-false,4-MX_USART1_UART_Init-USART1-false-HAL-true,5-MX_ADC1_Init-ADC1-false-HAL-true,6-MX_ADC3_Init-ADC3-false-HAL-true,7-MX_I2C1_Init-I2C1-false-HAL-true,8-MX_TIM1_Init-TIM1-false-HAL-true,9-MX_SPI1_Init-SPI1-false-HAL-true,10-MX_FSMC_Init-FSMC-false-HAL-true,11-MX_SDIO_SD_Init-SDIO-false-HAL-true,12-MX_FATFS_Init-FATFS-false-HAL-false,13-MX_TIM2_Init-TIM2-false-HAL-true,14-MX_TIM3_Init-TIM3-false-HAL-true
SH.FSMC_D0_DA0.0=FSMC_D0,16b-d1
NVIC.EXTI3_IRQn=true\:3\:0\:true\:false\:true\:true\:true
RCC.ADCFreqValue=12000000
PB0.GPIO_Label=LCD_BL
PF10.GPIO_ModeDefaultEXTI=GPIO_MODE_IT_FALLING
TIM1.Pulse-PWM\ Generation1\ CH1=0
TIM1.OCFastMode_PWM-PWM\ Generation1\ CH1=TIM_OCFAST_ENABLE
PB11.Signal=GPIO_Output
ADC3.Rank-2\#ChannelRegularConversion=1
ProjectManager.StackSize=0x800
PB5.GPIOParameters=PinState,GPIO_Label
SH.GPXTI2.0=GPIO_EXTI2
Mcu.IP4=FSMC
Mcu.IP5=I2C1
RCC.FCLKCortexFreq_Value=72000000
I2C1.IPParameters=I2C_Mode
Mcu.IP2=DMA
Mcu.IP3=FATFS
Mcu.IP0=ADC1
Mcu.IP1=ADC3
PE4.GPIOParameters=GPIO_PuPd,GPIO_Label,GPIO_ModeDefaultEXTI
PF9.Locked=true
Mcu.UserConstants=
Mcu.ThirdPartyNb=0
RCC.SDIOFreq_Value=72000000
RCC.HCLKFreq_Value=72000000
Mcu.IPNb=15
ProjectManager.PreviousToolchain=STM32CubeIDE
TIM3.Period=7190
PF11.GPIO_Label=T_CS
PB5.PinState=GPIO_PIN_SET
Mcu.Pin6=PC14-OSC32_IN
PB9.GPIO_ModeDefaultEXTI=GPIO_MODE_IT_FALLING
Mcu.Pin7=PC15-OSC32_OUT
Mcu.Pin8=PF6
Mcu.Pin9=PF7
OSC_OUT.Mode=HSE-External-Oscillator
SH.FSMC_A10.0=FSMC_A10,A10_1
OSC_OUT.Signal=RCC_OSC_OUT
RCC.AHBFreq_Value=72000000
Mcu.Pin0=PE2
Mcu.Pin1=PE3
GPIO.groupedBy=Group By Peripherals
Mcu.Pin2=PE4
Mcu.Pin3=PE5
SH.FSMC_D12_DA12.ConfNb=1
PA0-WKUP.GPIOParameters=GPIO_PuPd
Mcu.Pin4=PE6
Mcu.Pin5=PC13-TAMPER-RTC
ADC1.Channel-0\#ChannelRegularConversion=ADC_CHANNEL_TEMPSENSOR
Dma.SDIO.0.Priority=DMA_PRIORITY_LOW
NVIC.DebugMonitor_IRQn=true\:0\:0\:false\:false\:true\:false\:false
Mcu.IP10=SYS
PA15.Mode=JTAG_5_pins
NVIC.SysTick_IRQn=true\:0\:0\:false\:false\:true\:false\:true
Mcu.IP12=TIM2
SH.FSMC_D6_DA6.ConfNb=1
RCC.PLLMUL=RCC_PLL_MUL9
Mcu.IP11=TIM1
Mcu.IP14=USART1
PB4.Mode=JTAG_5_pins
Mcu.IP13=TIM3
PE13.Signal=FSMC_D10_DA10
SH.FSMC_D14_DA14.0=FSMC_D14,16b-d1
PF7.GPIO_Label=VS_XCS
PC14-OSC32_IN.Mode=LSE-External-Oscillator
PA14.Mode=JTAG_5_pins
TIM3.Prescaler=999
PF11.Signal=GPIO_Output
SH.FSMC_D6_DA6.0=FSMC_D6,16b-d1
File.Version=6
PF11.PinState=GPIO_PIN_SET
PE3.GPIOParameters=GPIO_PuPd,GPIO_Label,GPIO_ModeDefaultEXTI
SH.FSMC_D9_DA9.ConfNb=1
PE3.Locked=true
PB7.Signal=I2C1_SDA
PB8.Locked=true
PF11.GPIOParameters=PinState,GPIO_Label
PE4.Signal=GPXTI4
PE6.GPIOParameters=GPIO_Label
Dma.RequestsNb=1
PB0.Locked=true
ProjectManager.ProjectName=micro_mx
SH.FSMC_D4_DA4.0=FSMC_D4,16b-d1
PA6.Signal=SPI1_MISO
ProjectManager.ToolChainLocation=
SH.FSMC_D13_DA13.0=FSMC_D13,16b-d1
PA15.Signal=SYS_JTDI
PF8.Signal=SharedAnalog_PF8
PB5.GPIO_Label=LED0
SH.FSMC_D2_DA2.0=FSMC_D2,16b-d1
SH.FSMC_NWE.ConfNb=1
PD3.GPIO_Label=JOYPAD_CLK
NVIC.DMA2_Channel4_5_IRQn=true\:0\:0\:false\:false\:true\:false\:true
PE7.Signal=FSMC_D4_DA4
Dma.Request0=SDIO
SPI1.BaudRatePrescaler=SPI_BAUDRATEPRESCALER_64
PE2.GPIO_Label=KEY2
VP_TIM3_VS_ClockSourceINT.Mode=Internal
PB4.Signal=SYS_NJTRST
Dma.SDIO.0.Instance=DMA2_Channel4
PE3.GPIO_ModeDefaultEXTI=GPIO_MODE_IT_FALLING
RCC.PLLSourceVirtual=RCC_PLLSOURCE_HSE
PC15-OSC32_OUT.Mode=LSE-External-Oscillator
SH.FSMC_D12_DA12.0=FSMC_D12,16b-d1
PB8.GPIOParameters=GPIO_Label
PA7.Mode=Full_Duplex_Master
PB9.GPIO_Label=REMOTE_IN
PA10.Mode=Asynchronous
ProjectManager.NoMain=false
SPI1.IPParameters=VirtualType,Mode,Direction,BaudRatePrescaler,CalculateBaudRate
PC11.Signal=SDIO_D3
PC8.Signal=SDIO_D0
PC10.Mode=SD_4_bits_Wide_bus
PE4.GPIO_ModeDefaultEXTI=GPIO_MODE_IT_FALLING
PC13-TAMPER-RTC.Signal=GPIO_Input
ProjectManager.DefaultFWLocation=true
PD9.Signal=FSMC_D14_DA14
PD5.Signal=FSMC_NWE
SH.FSMC_D11_DA11.ConfNb=1
ProjectManager.DeletePrevious=true
PB10.Locked=true
SH.SharedAnalog_PF8.1=ADC3_IN6,IN6
NVIC.SDIO_IRQn=true\:0\:0\:false\:false\:true\:true\:true
RCC.FamilyName=M
SH.SharedAnalog_PF8.0=GPIO_Analog
PA0-WKUP.Locked=true
PB9.GPIOParameters=GPIO_Label,GPIO_ModeDefaultEXTI
RCC.ADCPresc=RCC_ADCPCLK2_DIV6
SDIO.ClockBypass=SDIO_CLOCK_BYPASS_DISABLE
FATFS0.BSP.instance=PA0-WKUP
FATFS.IPParameters=_FS_TINY
PA13.Signal=SYS_JTMS-SWDIO
SH.FSMC_D13_DA13.ConfNb=1
PA9.Mode=Asynchronous
SH.S_TIM1_CH1.0=TIM1_CH1,PWM Generation1 CH1
PF6.Signal=GPIO_Output
ProjectManager.TargetToolchain=STM32CubeIDE
PB10.GPIO_Label=JOYPAD_DAT
FATFS0.BSP.condition=
PF6.Locked=true
PB2.GPIOParameters=GPIO_Label
PE4.Locked=true
PE2.GPIOParameters=GPIO_PuPd,GPIO_Label,GPIO_ModeDefaultEXTI
ProjectManager.RegisterCallBack=
RCC.USBFreq_Value=48000000
PF9.GPIO_Label=T_MOSI
VP_TIM3_VS_ClockSourceINT.Signal=TIM3_VS_ClockSourceINT
PE11.Signal=FSMC_D8_DA8
PC15-OSC32_OUT.Signal=RCC_OSC32_OUT
PD3.Locked=true
PB1.Locked=true
PD2.Mode=SD_4_bits_Wide_bus
board=custom
PG12.Mode=NorPsramChipSelect4_1
SH.FSMC_D0_DA0.ConfNb=1
SH.GPXTI3.0=GPIO_EXTI3
RCC.VCOOutput2Freq_Value=8000000
RCC.APB2Freq_Value=72000000
MxCube.Version=6.2.0
VP_TIM2_VS_ClockSourceINT.Mode=Internal
PF10.Signal=GPXTI10
VP_SYS_VS_Systick.Mode=SysTick
PE5.Locked=true
Dma.SDIO.0.Mode=DMA_NORMAL
PE6.Signal=GPIO_Output
RCC.IPParameters=ADCFreqValue,ADCPresc,AHBFreq_Value,APB1CLKDivider,APB1Freq_Value,APB1TimFreq_Value,APB2Freq_Value,APB2TimFreq_Value,FCLKCortexFreq_Value,FSMCFreq_Value,FamilyName,HCLKFreq_Value,I2S2Freq_Value,I2S3Freq_Value,MCOFreq_Value,PLLCLKFreq_Value,PLLMCOFreq_Value,PLLMUL,PLLSourceVirtual,RTCClockSelection,RTCFreq_Value,SDIOFreq_Value,SDIOHCLKDiv2FreqValue,SYSCLKFreq_VALUE,SYSCLKSource,TimSysFreq_Value,USBFreq_Value,USBPrescaler,VCOOutput2Freq_Value
ProjectManager.AskForMigrate=true
Mcu.Name=STM32F103Z(C-D-E)Tx
PE12.Signal=FSMC_D9_DA9
PB2.Locked=true
Mcu.IP8=SDIO
Mcu.IP9=SPI1
PD14.Signal=FSMC_D0_DA0
Mcu.IP6=NVIC
Mcu.IP7=RCC
ProjectManager.CoupleFile=false
PB3.Signal=SYS_JTDO-TRACESWO
RCC.SYSCLKFreq_VALUE=72000000
SH.GPXTI4.0=GPIO_EXTI4
KeepUserPlacement=false
PB7.Mode=I2C
SH.GPXTI9.ConfNb=1
NVIC.EXTI9_5_IRQn=true\:0\:0\:false\:false\:true\:true\:true
PA14.Signal=SYS_JTCK-SWCLK
PB2.GPIO_Label=T_MISO
PF6.GPIOParameters=GPIO_Label
SH.GPXTI4.ConfNb=1
SH.FSMC_D11_DA11.0=FSMC_D11,16b-d1
SH.FSMC_NOE.0=FSMC_NOE,Lcd1
SH.FSMC_D2_DA2.ConfNb=1
ADC1.NbrOfConversionFlag=1
FATFS0.BSP.component=
PB8.Signal=GPIO_Output
PE3.GPIO_Label=KEY1
PC9.Signal=SDIO_D1
RCC.APB1Freq_Value=36000000
ADC3.NbrOfConversionFlag=1
PB11.Locked=true
ProjectManager.DeviceId=STM32F103ZETx
ProjectManager.LibraryCopy=1
PB1.GPIOParameters=GPIO_Label
PA7.Signal=SPI1_MOSI
isbadioc=false
